<?xml version="1.0" encoding="utf-8"?>
<Project ToolsVersion="4.0" xmlns="http://schemas.microsoft.com/developer/msbuild/2003">
  <ItemGroup>
    <Filter Include="Generated Files">
      <UniqueIdentifier>{420892b6-c396-4ac0-9183-f1a3eee4cec2}</UniqueIdentifier>
    </Filter>
    <Filter Include="Source Files">
      <UniqueIdentifier>{4FC737F1-C7A5-4376-A066-2A32D752A2FF}</UniqueIdentifier>
      <Extensions>cpp;c;cc;cxx;def;odl;idl;hpj;bat;asm;asmx</Extensions>
    </Filter>
    <Filter Include="Header Files">
      <UniqueIdentifier>{93995380-89BD-4b04-88EB-625FBE52EBFB}</UniqueIdentifier>
      <Extensions>h;hh;hpp;hxx;hm;inl;inc;xsd</Extensions>
    </Filter>
  </ItemGroup>
  <ItemGroup>
    <ClCompile Include="..\src\falcon\rlist.cc">
      <Filter>Source Files</Filter>
    </ClCompile>
    <ClCompile Include="..\src\falcon\util.cc">
      <Filter>Source Files</Filter>
    </ClCompile>
    <ClCompile Include="..\src\falcon\basic_block.cc">
      <Filter>Source Files</Filter>
    </ClCompile>
    <ClCompile Include="..\src\falcon\compiler_op.cc">
      <Filter>Source Files</Filter>
    </ClCompile>
    <ClCompile Include="..\src\falcon\compiler_state.cc">
      <Filter>Source Files</Filter>
    </ClCompile>
    <ClCompile Include="..\src\falcon\oputil.cc">
      <Filter>Source Files</Filter>
    </ClCompile>
    <ClCompile Include="..\src\falcon\rcompile.cc">
      <Filter>Source Files</Filter>
    </ClCompile>
    <ClCompile Include="..\src\falcon\register_stack.cc">
      <Filter>Source Files</Filter>
    </ClCompile>
    <ClCompile Include="..\src\falcon\reval.cc">
      <Filter>Source Files</Filter>
    </ClCompile>
    <ClCompile Include="..\src\falcon\rexcept.cc">
      <Filter>Source Files</Filter>
    </ClCompile>
    <ClCompile Include="..\src\falcon\rinst.cc">
      <Filter>Source Files</Filter>
    </ClCompile>
    <ClCompile Include="..\src\falcon\rmodule_wrap.cxx">
      <Filter>Generated Files</Filter>
    </ClCompile>
  </ItemGroup>
  <ItemGroup>
    <ClInclude Include="..\src\falcon\basic_block.h">
      <Filter>Header Files</Filter>
    </ClInclude>
    <ClInclude Include="..\src\falcon\compiler_frame.h">
      <Filter>Header Files</Filter>
    </ClInclude>
    <ClInclude Include="..\src\falcon\compiler_op.h">
      <Filter>Header Files</Filter>
    </ClInclude>
    <ClInclude Include="..\src\falcon\compiler_pass.h">
      <Filter>Header Files</Filter>
    </ClInclude>
    <ClInclude Include="..\src\falcon\compiler_state.h">
      <Filter>Header Files</Filter>
    </ClInclude>
    <ClInclude Include="..\src\falcon\config.h">
      <Filter>Header Files</Filter>
    </ClInclude>
    <ClInclude Include="..\src\falcon\inline.h">
      <Filter>Header Files</Filter>
    </ClInclude>
    <ClInclude Include="..\src\falcon\optimizations.h">
      <Filter>Header Files</Filter>
    </ClInclude>
    <ClInclude Include="..\src\falcon\oputil.h">
      <Filter>Header Files</Filter>
    </ClInclude>
    <ClInclude Include="..\src\falcon\py_include.h">
      <Filter>Header Files</Filter>
    </ClInclude>
    <ClInclude Include="..\src\falcon\rcompile.h">
      <Filter>Header Files</Filter>
    </ClInclude>
    <ClInclude Include="..\src\falcon\register.h">
      <Filter>Header Files</Filter>
    </ClInclude>
    <ClInclude Include="..\src\falcon\register_stack.h">
      <Filter>Header Files</Filter>
    </ClInclude>
    <ClInclude Include="..\src\falcon\reval.h">
      <Filter>Header Files</Filter>
    </ClInclude>
    <ClInclude Include="..\src\falcon\rexcept.h">
      <Filter>Header Files</Filter>
    </ClInclude>
    <ClInclude Include="..\src\falcon\rinst.h">
      <Filter>Header Files</Filter>
    </ClInclude>
    <ClInclude Include="..\src\falcon\rlist.h">
      <Filter>Header Files</Filter>
    </ClInclude>
    <ClInclude Include="..\src\falcon\util.h">
      <Filter>Header Files</Filter>
    </ClInclude>
  </ItemGroup>
  <ItemGroup>
    <CustomBuild Include="..\src\falcon\rmodule.i">
      <Filter>Source Files</Filter>
    </CustomBuild>
  </ItemGroup>
</Project>